
Microsoft Visual Studio Solution File, Format Version 12.00
# Visual Studio 15
VisualStudioVersion = 15.0.26124.0
MinimumVisualStudioVersion = 15.0.26124.0
Project("{FAE04EC0-301F-11D3-BF4B-00C04F79EFBC}") = "In3", "In3\In3.csproj", "{2F596989-8B43-49F9-B22C-F0E8464C5E93}"
EndProject
Project("{FAE04EC0-301F-11D3-BF4B-00C04F79EFBC}") = "ConsoleTest", "ConsoleTest\ConsoleTest.csproj", "{BC33EED8-4337-4162-A615-E64CC07AE628}"
EndProject
Project("{FAE04EC0-301F-11D3-BF4B-00C04F79EFBC}") = "Test", "Test\Test.csproj", "{AE72B9D9-D3B0-4F74-BF0F-0CE914059A2B}"
EndProject
Global
	GlobalSection(SolutionConfigurationPlatforms) = preSolution
		Debug|Any CPU = Debug|Any CPU
		Debug|x64 = Debug|x64
		Debug|x86 = Debug|x86
		Release|Any CPU = Release|Any CPU
		Release|x64 = Release|x64
		Release|x86 = Release|x86
	EndGlobalSection
	GlobalSection(SolutionProperties) = preSolution
		HideSolutionNode = FALSE
	EndGlobalSection
	GlobalSection(ProjectConfigurationPlatforms) = postSolution
		{2F596989-8B43-49F9-B22C-F0E8464C5E93}.Debug|Any CPU.ActiveCfg = Debug|Any CPU
		{2F596989-8B43-49F9-B22C-F0E8464C5E93}.Debug|Any CPU.Build.0 = Debug|Any CPU
		{2F596989-8B43-49F9-B22C-F0E8464C5E93}.Debug|x64.ActiveCfg = Debug|Any CPU
		{2F596989-8B43-49F9-B22C-F0E8464C5E93}.Debug|x64.Build.0 = Debug|Any CPU
		{2F596989-8B43-49F9-B22C-F0E8464C5E93}.Debug|x86.ActiveCfg = Debug|Any CPU
		{2F596989-8B43-49F9-B22C-F0E8464C5E93}.Debug|x86.Build.0 = Debug|Any CPU
		{2F596989-8B43-49F9-B22C-F0E8464C5E93}.Release|Any CPU.ActiveCfg = Release|Any CPU
		{2F596989-8B43-49F9-B22C-F0E8464C5E93}.Release|Any CPU.Build.0 = Release|Any CPU
		{2F596989-8B43-49F9-B22C-F0E8464C5E93}.Release|x64.ActiveCfg = Release|Any CPU
		{2F596989-8B43-49F9-B22C-F0E8464C5E93}.Release|x64.Build.0 = Release|Any CPU
		{2F596989-8B43-49F9-B22C-F0E8464C5E93}.Release|x86.ActiveCfg = Release|Any CPU
		{2F596989-8B43-49F9-B22C-F0E8464C5E93}.Release|x86.Build.0 = Release|Any CPU
		{BC33EED8-4337-4162-A615-E64CC07AE628}.Debug|Any CPU.ActiveCfg = Debug|Any CPU
		{BC33EED8-4337-4162-A615-E64CC07AE628}.Debug|Any CPU.Build.0 = Debug|Any CPU
		{BC33EED8-4337-4162-A615-E64CC07AE628}.Debug|x64.ActiveCfg = Debug|Any CPU
		{BC33EED8-4337-4162-A615-E64CC07AE628}.Debug|x64.Build.0 = Debug|Any CPU
		{BC33EED8-4337-4162-A615-E64CC07AE628}.Debug|x86.ActiveCfg = Debug|Any CPU
		{BC33EED8-4337-4162-A615-E64CC07AE628}.Debug|x86.Build.0 = Debug|Any CPU
		{BC33EED8-4337-4162-A615-E64CC07AE628}.Release|Any CPU.ActiveCfg = Release|Any CPU
		{BC33EED8-4337-4162-A615-E64CC07AE628}.Release|Any CPU.Build.0 = Release|Any CPU
		{BC33EED8-4337-4162-A615-E64CC07AE628}.Release|x64.ActiveCfg = Release|Any CPU
		{BC33EED8-4337-4162-A615-E64CC07AE628}.Release|x64.Build.0 = Release|Any CPU
		{BC33EED8-4337-4162-A615-E64CC07AE628}.Release|x86.ActiveCfg = Release|Any CPU
		{BC33EED8-4337-4162-A615-E64CC07AE628}.Release|x86.Build.0 = Release|Any CPU
		{AE72B9D9-D3B0-4F74-BF0F-0CE914059A2B}.Debug|Any CPU.ActiveCfg = Debug|Any CPU
		{AE72B9D9-D3B0-4F74-BF0F-0CE914059A2B}.Debug|Any CPU.Build.0 = Debug|Any CPU
		{AE72B9D9-D3B0-4F74-BF0F-0CE914059A2B}.Debug|x64.ActiveCfg = Debug|Any CPU
		{AE72B9D9-D3B0-4F74-BF0F-0CE914059A2B}.Debug|x64.Build.0 = Debug|Any CPU
		{AE72B9D9-D3B0-4F74-BF0F-0CE914059A2B}.Debug|x86.ActiveCfg = Debug|Any CPU
		{AE72B9D9-D3B0-4F74-BF0F-0CE914059A2B}.Debug|x86.Build.0 = Debug|Any CPU
		{AE72B9D9-D3B0-4F74-BF0F-0CE914059A2B}.Release|Any CPU.ActiveCfg = Release|Any CPU
		{AE72B9D9-D3B0-4F74-BF0F-0CE914059A2B}.Release|Any CPU.Build.0 = Release|Any CPU
		{AE72B9D9-D3B0-4F74-BF0F-0CE914059A2B}.Release|x64.ActiveCfg = Release|Any CPU
		{AE72B9D9-D3B0-4F74-BF0F-0CE914059A2B}.Release|x64.Build.0 = Release|Any CPU
		{AE72B9D9-D3B0-4F74-BF0F-0CE914059A2B}.Release|x86.ActiveCfg = Release|Any CPU
		{AE72B9D9-D3B0-4F74-BF0F-0CE914059A2B}.Release|x86.Build.0 = Release|Any CPU
	EndGlobalSection
EndGlobal
